
Microsoft Visual Studio Solution File, Format Version 12.00
# Visual Studio 15
VisualStudioVersion = 15.0.27130.2020
MinimumVisualStudioVersion = 10.0.40219.1
Project("{9A19103F-16F7-4668-BE54-9A1E7A4F7556}") = "DoomRPG", "DoomRPG\DoomRPG.csproj", "{164BDFD4-1DBF-449E-8C30-24EFAF9C9D79}"
EndProject
Project("{FAE04EC0-301F-11D3-BF4B-00C04F79EFBC}") = "DoomRPG.Models", "DoomRPG.Models\DoomRPG.Models.csproj", "{DCDAF30E-E632-49BD-AD3D-C3216152A234}"
EndProject
Project("{FAE04EC0-301F-11D3-BF4B-00C04F79EFBC}") = "DoomRPG.DataAccess", "DoomRPG.DataAccess\DoomRPG.DataAccess.csproj", "{4DACA400-E5D5-47BD-B0B6-CF6088E12E3C}"
EndProject
Project("{FAE04EC0-301F-11D3-BF4B-00C04F79EFBC}") = "DoomRPG.GameLogic", "DoomRPG.GameLogic\DoomRPG.GameLogic.csproj", "{ED25EBC5-4D72-41E8-8247-6BED8E43C3FE}"
EndProject
Project("{FAE04EC0-301F-11D3-BF4B-00C04F79EFBC}") = "DoomRPG.Gui", "DoomRPG.Gui\DoomRPG.Gui.csproj", "{C664CCC3-7D21-482B-A782-52742F6FEBE4}"
EndProject
Project("{FAE04EC0-301F-11D3-BF4B-00C04F79EFBC}") = "DoomRPG.Settings", "DoomRPG.Settings\DoomRPG.Settings.csproj", "{C7A4DE34-5AFD-4C9F-BC6E-9B7720C1F5BE}"
EndProject
Global
	GlobalSection(SolutionConfigurationPlatforms) = preSolution
		Debug|Any CPU = Debug|Any CPU
		Release|Any CPU = Release|Any CPU
	EndGlobalSection
	GlobalSection(ProjectConfigurationPlatforms) = postSolution
		{164BDFD4-1DBF-449E-8C30-24EFAF9C9D79}.Debug|Any CPU.ActiveCfg = Debug|Any CPU
		{164BDFD4-1DBF-449E-8C30-24EFAF9C9D79}.Debug|Any CPU.Build.0 = Debug|Any CPU
		{164BDFD4-1DBF-449E-8C30-24EFAF9C9D79}.Release|Any CPU.ActiveCfg = Release|Any CPU
		{164BDFD4-1DBF-449E-8C30-24EFAF9C9D79}.Release|Any CPU.Build.0 = Release|Any CPU
		{DCDAF30E-E632-49BD-AD3D-C3216152A234}.Debug|Any CPU.ActiveCfg = Debug|Any CPU
		{DCDAF30E-E632-49BD-AD3D-C3216152A234}.Debug|Any CPU.Build.0 = Debug|Any CPU
		{DCDAF30E-E632-49BD-AD3D-C3216152A234}.Release|Any CPU.ActiveCfg = Release|Any CPU
		{DCDAF30E-E632-49BD-AD3D-C3216152A234}.Release|Any CPU.Build.0 = Release|Any CPU
		{4DACA400-E5D5-47BD-B0B6-CF6088E12E3C}.Debug|Any CPU.ActiveCfg = Debug|Any CPU
		{4DACA400-E5D5-47BD-B0B6-CF6088E12E3C}.Debug|Any CPU.Build.0 = Debug|Any CPU
		{4DACA400-E5D5-47BD-B0B6-CF6088E12E3C}.Release|Any CPU.ActiveCfg = Release|Any CPU
		{4DACA400-E5D5-47BD-B0B6-CF6088E12E3C}.Release|Any CPU.Build.0 = Release|Any CPU
		{ED25EBC5-4D72-41E8-8247-6BED8E43C3FE}.Debug|Any CPU.ActiveCfg = Debug|Any CPU
		{ED25EBC5-4D72-41E8-8247-6BED8E43C3FE}.Debug|Any CPU.Build.0 = Debug|Any CPU
		{ED25EBC5-4D72-41E8-8247-6BED8E43C3FE}.Release|Any CPU.ActiveCfg = Release|Any CPU
		{ED25EBC5-4D72-41E8-8247-6BED8E43C3FE}.Release|Any CPU.Build.0 = Release|Any CPU
		{C664CCC3-7D21-482B-A782-52742F6FEBE4}.Debug|Any CPU.ActiveCfg = Debug|Any CPU
		{C664CCC3-7D21-482B-A782-52742F6FEBE4}.Debug|Any CPU.Build.0 = Debug|Any CPU
		{C664CCC3-7D21-482B-A782-52742F6FEBE4}.Release|Any CPU.ActiveCfg = Release|Any CPU
		{C664CCC3-7D21-482B-A782-52742F6FEBE4}.Release|Any CPU.Build.0 = Release|Any CPU
		{C7A4DE34-5AFD-4C9F-BC6E-9B7720C1F5BE}.Debug|Any CPU.ActiveCfg = Debug|Any CPU
		{C7A4DE34-5AFD-4C9F-BC6E-9B7720C1F5BE}.Debug|Any CPU.Build.0 = Debug|Any CPU
		{C7A4DE34-5AFD-4C9F-BC6E-9B7720C1F5BE}.Release|Any CPU.ActiveCfg = Release|Any CPU
		{C7A4DE34-5AFD-4C9F-BC6E-9B7720C1F5BE}.Release|Any CPU.Build.0 = Release|Any CPU
	EndGlobalSection
	GlobalSection(SolutionProperties) = preSolution
		HideSolutionNode = FALSE
	EndGlobalSection
	GlobalSection(ExtensibilityGlobals) = postSolution
		SolutionGuid = {C2F025F8-F750-4C37-80EC-C6070E5B33EB}
	EndGlobalSection
EndGlobal
