
Microsoft Visual Studio Solution File, Format Version 12.00
# Visual Studio 15
VisualStudioVersion = 15.0.26730.12
MinimumVisualStudioVersion = 10.0.40219.1
Project("{FAE04EC0-301F-11D3-BF4B-00C04F79EFBC}") = "DoomRPG", "DoomRPG\DoomRPG.csproj", "{164BDFD4-1DBF-449E-8C30-24EFAF9C9D79}"
EndProject
Project("{FAE04EC0-301F-11D3-BF4B-00C04F79EFBC}") = "DoomRPG.Graphics", "DoomRPG.Graphics\DoomRPG.Graphics.csproj", "{068FEAFF-52D5-431B-BDC4-F1B72638837F}"
EndProject
Project("{FAE04EC0-301F-11D3-BF4B-00C04F79EFBC}") = "DoomRPG.Primitives", "DoomRPG.Primitives\DoomRPG.Primitives.csproj", "{315F4B7E-D17D-407B-A468-4BB05755C902}"
EndProject
Global
	GlobalSection(SolutionConfigurationPlatforms) = preSolution
		Debug|Any CPU = Debug|Any CPU
		Release|Any CPU = Release|Any CPU
	EndGlobalSection
	GlobalSection(ProjectConfigurationPlatforms) = postSolution
		{164BDFD4-1DBF-449E-8C30-24EFAF9C9D79}.Debug|Any CPU.ActiveCfg = Debug|Any CPU
		{164BDFD4-1DBF-449E-8C30-24EFAF9C9D79}.Debug|Any CPU.Build.0 = Debug|Any CPU
		{164BDFD4-1DBF-449E-8C30-24EFAF9C9D79}.Release|Any CPU.ActiveCfg = Release|Any CPU
		{164BDFD4-1DBF-449E-8C30-24EFAF9C9D79}.Release|Any CPU.Build.0 = Release|Any CPU
		{068FEAFF-52D5-431B-BDC4-F1B72638837F}.Debug|Any CPU.ActiveCfg = Debug|Any CPU
		{068FEAFF-52D5-431B-BDC4-F1B72638837F}.Debug|Any CPU.Build.0 = Debug|Any CPU
		{068FEAFF-52D5-431B-BDC4-F1B72638837F}.Release|Any CPU.ActiveCfg = Release|Any CPU
		{068FEAFF-52D5-431B-BDC4-F1B72638837F}.Release|Any CPU.Build.0 = Release|Any CPU
		{315F4B7E-D17D-407B-A468-4BB05755C902}.Debug|Any CPU.ActiveCfg = Debug|Any CPU
		{315F4B7E-D17D-407B-A468-4BB05755C902}.Debug|Any CPU.Build.0 = Debug|Any CPU
		{315F4B7E-D17D-407B-A468-4BB05755C902}.Release|Any CPU.ActiveCfg = Release|Any CPU
		{315F4B7E-D17D-407B-A468-4BB05755C902}.Release|Any CPU.Build.0 = Release|Any CPU
	EndGlobalSection
	GlobalSection(SolutionProperties) = preSolution
		HideSolutionNode = FALSE
	EndGlobalSection
	GlobalSection(ExtensibilityGlobals) = postSolution
		SolutionGuid = {C2F025F8-F750-4C37-80EC-C6070E5B33EB}
	EndGlobalSection
EndGlobal
